<?xml version="1.0" encoding="utf-8"?>
<Project ToolsVersion="4.0" xmlns="http://schemas.microsoft.com/developer/msbuild/2003">
  <ItemGroup>
    <Filter Include="ソース ファイル">
      <UniqueIdentifier>{4FC737F1-C7A5-4376-A066-2A32D752A2FF}</UniqueIdentifier>
      <Extensions>cpp;c;cc;cxx;c++;cppm;ixx;def;odl;idl;hpj;bat;asm;asmx</Extensions>
    </Filter>
    <Filter Include="ヘッダー ファイル">
      <UniqueIdentifier>{93995380-89BD-4b04-88EB-625FBE52EBFB}</UniqueIdentifier>
      <Extensions>h;hh;hpp;hxx;h++;hm;inl;inc;ipp;xsd</Extensions>
    </Filter>
    <Filter Include="リソース ファイル">
      <UniqueIdentifier>{67DA6AB6-F800-4c08-8B7A-83BB121AAD01}</UniqueIdentifier>
      <Extensions>rc;ico;cur;bmp;dlg;rc2;rct;bin;rgs;gif;jpg;jpeg;jpe;resx;tiff;tif;png;wav;mfcribbon-ms</Extensions>
    </Filter>
    <Filter Include="scene">
      <UniqueIdentifier>{cfff638e-77db-434e-b68b-3311650dded5}</UniqueIdentifier>
    </Filter>
    <Filter Include="scene\scenes">
      <UniqueIdentifier>{58980ef8-b56a-4203-941d-ebad20909774}</UniqueIdentifier>
    </Filter>
    <Filter Include="Direction">
      <UniqueIdentifier>{4e9b4a6f-7e75-495e-8ce3-e3b4389a096e}</UniqueIdentifier>
    </Filter>
    <Filter Include="system">
      <UniqueIdentifier>{58f3f325-bf4f-4a7a-b30f-9a63c326779d}</UniqueIdentifier>
    </Filter>
  </ItemGroup>
  <ItemGroup>
    <ClCompile Include="Input.cpp">
      <Filter>ソース ファイル</Filter>
    </ClCompile>
    <ClCompile Include="NY_random.cpp">
      <Filter>ソース ファイル</Filter>
    </ClCompile>
    <ClCompile Include="FPSControl.cpp">
      <Filter>ソース ファイル</Filter>
    </ClCompile>
    <ClCompile Include="BaseScene.cpp">
      <Filter>scene</Filter>
    </ClCompile>
    <ClCompile Include="ISceneChanger.cpp">
      <Filter>scene</Filter>
    </ClCompile>
    <ClCompile Include="SceneMgr.cpp">
      <Filter>scene</Filter>
    </ClCompile>
    <ClCompile Include="Menu.cpp">
      <Filter>scene\scenes</Filter>
    </ClCompile>
    <ClCompile Include="Game.cpp">
      <Filter>scene\scenes</Filter>
    </ClCompile>
    <ClCompile Include="Config.cpp">
      <Filter>scene\scenes</Filter>
    </ClCompile>
    <ClCompile Include="main.cpp">
      <Filter>scene</Filter>
    </ClCompile>
    <ClCompile Include="RVector.cpp">
      <Filter>ソース ファイル</Filter>
    </ClCompile>
    <ClCompile Include="Board.cpp">
      <Filter>system</Filter>
    </ClCompile>
    <ClCompile Include="PieceData.cpp">
      <Filter>system</Filter>
    </ClCompile>
    <ClCompile Include="PlayerControl.cpp">
      <Filter>system</Filter>
    </ClCompile>
    <ClCompile Include="PieceDeleteDirection.cpp">
      <Filter>Direction</Filter>
    </ClCompile>
    <ClCompile Include="PieceDeleteTextDrawer.cpp">
      <Filter>Direction</Filter>
    </ClCompile>
    <ClCompile Include="UI.cpp">
      <Filter>ソース ファイル</Filter>
    </ClCompile>
    <ClCompile Include="ScoreManager.cpp">
      <Filter>ソース ファイル</Filter>
    </ClCompile>
  </ItemGroup>
  <ItemGroup>
    <ClInclude Include="Input.h">
      <Filter>ヘッダー ファイル</Filter>
    </ClInclude>
    <ClInclude Include="NY_random.h">
      <Filter>ヘッダー ファイル</Filter>
    </ClInclude>
    <ClInclude Include="FPSControl.h">
      <Filter>ヘッダー ファイル</Filter>
    </ClInclude>
    <ClInclude Include="BaseScene.h">
      <Filter>scene</Filter>
    </ClInclude>
    <ClInclude Include="ISceneChanger.h">
      <Filter>scene</Filter>
    </ClInclude>
    <ClInclude Include="SceneMgr.h">
      <Filter>scene</Filter>
    </ClInclude>
    <ClInclude Include="Task.h">
      <Filter>scene</Filter>
    </ClInclude>
    <ClInclude Include="Menu.h">
      <Filter>scene\scenes</Filter>
    </ClInclude>
    <ClInclude Include="Game.h">
      <Filter>scene\scenes</Filter>
    </ClInclude>
    <ClInclude Include="Config.h">
      <Filter>scene\scenes</Filter>
    </ClInclude>
    <ClInclude Include="RVector.h">
      <Filter>ヘッダー ファイル</Filter>
    </ClInclude>
    <ClInclude Include="PieceData.h">
      <Filter>system</Filter>
    </ClInclude>
    <ClInclude Include="Board.h">
      <Filter>system</Filter>
    </ClInclude>
    <ClInclude Include="PlayerControl.h">
      <Filter>system</Filter>
    </ClInclude>
    <ClInclude Include="PieceDeleteDirection.h">
      <Filter>Direction</Filter>
    </ClInclude>
    <ClInclude Include="PieceDeleteTextDrawer.h">
      <Filter>Direction</Filter>
    </ClInclude>
    <ClInclude Include="UI.h">
      <Filter>ヘッダー ファイル</Filter>
    </ClInclude>
    <ClInclude Include="ScoreManager.h">
      <Filter>ヘッダー ファイル</Filter>
    </ClInclude>
  </ItemGroup>
</Project>